
Microsoft Visual Studio Solution File, Format Version 12.00
# Visual Studio Version 17
VisualStudioVersion = 17.5.002.0
MinimumVisualStudioVersion = 10.0.40219.1
Project("{9A19103F-16F7-4668-BE54-9A1E7A4F7556}") = "ProjWebLHPetsVer1", "ProjWebLHPetsVer1.csproj", "{7656AE5D-9E22-4B8B-8F81-861AD2E1E66A}"
EndProject
Global
	GlobalSection(SolutionConfigurationPlatforms) = preSolution
		Debug|Any CPU = Debug|Any CPU
		Release|Any CPU = Release|Any CPU
	EndGlobalSection
	GlobalSection(ProjectConfigurationPlatforms) = postSolution
		{7656AE5D-9E22-4B8B-8F81-861AD2E1E66A}.Debug|Any CPU.ActiveCfg = Debug|Any CPU
		{7656AE5D-9E22-4B8B-8F81-861AD2E1E66A}.Debug|Any CPU.Build.0 = Debug|Any CPU
		{7656AE5D-9E22-4B8B-8F81-861AD2E1E66A}.Release|Any CPU.ActiveCfg = Release|Any CPU
		{7656AE5D-9E22-4B8B-8F81-861AD2E1E66A}.Release|Any CPU.Build.0 = Release|Any CPU
	EndGlobalSection
	GlobalSection(SolutionProperties) = preSolution
		HideSolutionNode = FALSE
	EndGlobalSection
	GlobalSection(ExtensibilityGlobals) = postSolution
		SolutionGuid = {0350B4C7-16C3-4D7F-AF1F-59703A95F2F8}
	EndGlobalSection
EndGlobal
